
Microsoft Visual Studio Solution File, Format Version 12.00
# Visual Studio 2012
Project("{FAE04EC0-301F-11D3-BF4B-00C04F79EFBC}") = "Test", "Test\Test.csproj", "{67D4DB0F-C205-481A-B42B-964B57B74D4D}"
EndProject
Project("{FAE04EC0-301F-11D3-BF4B-00C04F79EFBC}") = "Test.Tests", "Test.Tests\Test.Tests.csproj", "{06823CAC-C4B1-4880-9625-5E0ED4C20C72}"
EndProject
Global
	GlobalSection(SolutionConfigurationPlatforms) = preSolution
		Debug|Any CPU = Debug|Any CPU
		Release|Any CPU = Release|Any CPU
	EndGlobalSection
	GlobalSection(ProjectConfigurationPlatforms) = postSolution
		{67D4DB0F-C205-481A-B42B-964B57B74D4D}.Debug|Any CPU.ActiveCfg = Debug|Any CPU
		{67D4DB0F-C205-481A-B42B-964B57B74D4D}.Debug|Any CPU.Build.0 = Debug|Any CPU
		{67D4DB0F-C205-481A-B42B-964B57B74D4D}.Release|Any CPU.ActiveCfg = Release|Any CPU
		{67D4DB0F-C205-481A-B42B-964B57B74D4D}.Release|Any CPU.Build.0 = Release|Any CPU
		{06823CAC-C4B1-4880-9625-5E0ED4C20C72}.Debug|Any CPU.ActiveCfg = Debug|Any CPU
		{06823CAC-C4B1-4880-9625-5E0ED4C20C72}.Debug|Any CPU.Build.0 = Debug|Any CPU
		{06823CAC-C4B1-4880-9625-5E0ED4C20C72}.Release|Any CPU.ActiveCfg = Release|Any CPU
		{06823CAC-C4B1-4880-9625-5E0ED4C20C72}.Release|Any CPU.Build.0 = Release|Any CPU
	EndGlobalSection
EndGlobal
